
Microsoft Visual Studio Solution File, Format Version 12.00
# Visual Studio 15
Project("{FAE04EC0-301F-11D3-BF4B-00C04F79EFBC}") = "Assembly-CSharp-Editor-firstpass", "Assembly-CSharp-Editor-firstpass.csproj", "{32E4747E-7AFC-AD2D-BCE3-9A1C3F80C854}"
EndProject
Project("{FAE04EC0-301F-11D3-BF4B-00C04F79EFBC}") = "SimpleScrollSnap", "SimpleScrollSnap.csproj", "{487CDD18-F4A0-F235-430E-CAF643D738B1}"
EndProject
Project("{FAE04EC0-301F-11D3-BF4B-00C04F79EFBC}") = "Hierarchy4.Editor", "Hierarchy4.Editor.csproj", "{E6FC56EC-A2AD-29B7-71C0-E3758CDC92E2}"
EndProject
Project("{FAE04EC0-301F-11D3-BF4B-00C04F79EFBC}") = "CustomToolbar.Editor", "CustomToolbar.Editor.csproj", "{6F4F07FE-9300-6F48-706D-B05FE7D6794B}"
EndProject
Project("{FAE04EC0-301F-11D3-BF4B-00C04F79EFBC}") = "Assembly-CSharp-firstpass", "Assembly-CSharp-firstpass.csproj", "{655AE370-A344-D103-E6DE-362218B8EA2C}"
EndProject
Project("{FAE04EC0-301F-11D3-BF4B-00C04F79EFBC}") = "Assembly-CSharp", "Assembly-CSharp.csproj", "{EC85223C-5F0F-1F9D-B45A-9D9BC3BA2DEC}"
EndProject
Project("{FAE04EC0-301F-11D3-BF4B-00C04F79EFBC}") = "SimpleScrollSnapEditor", "SimpleScrollSnapEditor.csproj", "{D61D03F2-EA65-6FC6-903E-4DEEF6EF2C58}"
EndProject
Project("{FAE04EC0-301F-11D3-BF4B-00C04F79EFBC}") = "Hierarchy4.Runtime", "Hierarchy4.Runtime.csproj", "{15EE2694-897F-66EC-29F3-55D17A671C62}"
EndProject
Project("{FAE04EC0-301F-11D3-BF4B-00C04F79EFBC}") = "UtilitiesEditor", "UtilitiesEditor.csproj", "{97632499-BD05-657A-7B6B-DE5375D34CA6}"
EndProject
Project("{FAE04EC0-301F-11D3-BF4B-00C04F79EFBC}") = "SimpleInspectorAttributesEditor", "SimpleInspectorAttributesEditor.csproj", "{864EE515-9AD8-491A-A638-0A614A2518F3}"
EndProject
Project("{FAE04EC0-301F-11D3-BF4B-00C04F79EFBC}") = "Utilities", "Utilities.csproj", "{F1C653EE-354C-A881-20F1-29413D9DBF3D}"
EndProject
Project("{FAE04EC0-301F-11D3-BF4B-00C04F79EFBC}") = "CopyrightNoticeEditor", "CopyrightNoticeEditor.csproj", "{6D1D7023-CEB7-0A71-5D48-E79915BB571E}"
EndProject
Project("{FAE04EC0-301F-11D3-BF4B-00C04F79EFBC}") = "SimpleInspectorAttributes", "SimpleInspectorAttributes.csproj", "{CF1B6E69-D05D-57B4-FDEE-B629AA22C7DA}"
EndProject
Global
	GlobalSection(SolutionConfigurationPlatforms) = preSolution
		Debug|Any CPU = Debug|Any CPU
		Release|Any CPU = Release|Any CPU
	EndGlobalSection
	GlobalSection(ProjectConfigurationPlatforms) = postSolution
		{32E4747E-7AFC-AD2D-BCE3-9A1C3F80C854}.Debug|Any CPU.ActiveCfg = Debug|Any CPU
		{32E4747E-7AFC-AD2D-BCE3-9A1C3F80C854}.Debug|Any CPU.Build.0 = Debug|Any CPU
		{32E4747E-7AFC-AD2D-BCE3-9A1C3F80C854}.Release|Any CPU.ActiveCfg = Release|Any CPU
		{32E4747E-7AFC-AD2D-BCE3-9A1C3F80C854}.Release|Any CPU.Build.0 = Release|Any CPU
		{487CDD18-F4A0-F235-430E-CAF643D738B1}.Debug|Any CPU.ActiveCfg = Debug|Any CPU
		{487CDD18-F4A0-F235-430E-CAF643D738B1}.Debug|Any CPU.Build.0 = Debug|Any CPU
		{487CDD18-F4A0-F235-430E-CAF643D738B1}.Release|Any CPU.ActiveCfg = Release|Any CPU
		{487CDD18-F4A0-F235-430E-CAF643D738B1}.Release|Any CPU.Build.0 = Release|Any CPU
		{E6FC56EC-A2AD-29B7-71C0-E3758CDC92E2}.Debug|Any CPU.ActiveCfg = Debug|Any CPU
		{E6FC56EC-A2AD-29B7-71C0-E3758CDC92E2}.Debug|Any CPU.Build.0 = Debug|Any CPU
		{E6FC56EC-A2AD-29B7-71C0-E3758CDC92E2}.Release|Any CPU.ActiveCfg = Release|Any CPU
		{E6FC56EC-A2AD-29B7-71C0-E3758CDC92E2}.Release|Any CPU.Build.0 = Release|Any CPU
		{6F4F07FE-9300-6F48-706D-B05FE7D6794B}.Debug|Any CPU.ActiveCfg = Debug|Any CPU
		{6F4F07FE-9300-6F48-706D-B05FE7D6794B}.Debug|Any CPU.Build.0 = Debug|Any CPU
		{6F4F07FE-9300-6F48-706D-B05FE7D6794B}.Release|Any CPU.ActiveCfg = Release|Any CPU
		{6F4F07FE-9300-6F48-706D-B05FE7D6794B}.Release|Any CPU.Build.0 = Release|Any CPU
		{655AE370-A344-D103-E6DE-362218B8EA2C}.Debug|Any CPU.ActiveCfg = Debug|Any CPU
		{655AE370-A344-D103-E6DE-362218B8EA2C}.Debug|Any CPU.Build.0 = Debug|Any CPU
		{655AE370-A344-D103-E6DE-362218B8EA2C}.Release|Any CPU.ActiveCfg = Release|Any CPU
		{655AE370-A344-D103-E6DE-362218B8EA2C}.Release|Any CPU.Build.0 = Release|Any CPU
		{EC85223C-5F0F-1F9D-B45A-9D9BC3BA2DEC}.Debug|Any CPU.ActiveCfg = Debug|Any CPU
		{EC85223C-5F0F-1F9D-B45A-9D9BC3BA2DEC}.Debug|Any CPU.Build.0 = Debug|Any CPU
		{EC85223C-5F0F-1F9D-B45A-9D9BC3BA2DEC}.Release|Any CPU.ActiveCfg = Release|Any CPU
		{EC85223C-5F0F-1F9D-B45A-9D9BC3BA2DEC}.Release|Any CPU.Build.0 = Release|Any CPU
		{D61D03F2-EA65-6FC6-903E-4DEEF6EF2C58}.Debug|Any CPU.ActiveCfg = Debug|Any CPU
		{D61D03F2-EA65-6FC6-903E-4DEEF6EF2C58}.Debug|Any CPU.Build.0 = Debug|Any CPU
		{D61D03F2-EA65-6FC6-903E-4DEEF6EF2C58}.Release|Any CPU.ActiveCfg = Release|Any CPU
		{D61D03F2-EA65-6FC6-903E-4DEEF6EF2C58}.Release|Any CPU.Build.0 = Release|Any CPU
		{15EE2694-897F-66EC-29F3-55D17A671C62}.Debug|Any CPU.ActiveCfg = Debug|Any CPU
		{15EE2694-897F-66EC-29F3-55D17A671C62}.Debug|Any CPU.Build.0 = Debug|Any CPU
		{15EE2694-897F-66EC-29F3-55D17A671C62}.Release|Any CPU.ActiveCfg = Release|Any CPU
		{15EE2694-897F-66EC-29F3-55D17A671C62}.Release|Any CPU.Build.0 = Release|Any CPU
		{97632499-BD05-657A-7B6B-DE5375D34CA6}.Debug|Any CPU.ActiveCfg = Debug|Any CPU
		{97632499-BD05-657A-7B6B-DE5375D34CA6}.Debug|Any CPU.Build.0 = Debug|Any CPU
		{97632499-BD05-657A-7B6B-DE5375D34CA6}.Release|Any CPU.ActiveCfg = Release|Any CPU
		{97632499-BD05-657A-7B6B-DE5375D34CA6}.Release|Any CPU.Build.0 = Release|Any CPU
		{864EE515-9AD8-491A-A638-0A614A2518F3}.Debug|Any CPU.ActiveCfg = Debug|Any CPU
		{864EE515-9AD8-491A-A638-0A614A2518F3}.Debug|Any CPU.Build.0 = Debug|Any CPU
		{864EE515-9AD8-491A-A638-0A614A2518F3}.Release|Any CPU.ActiveCfg = Release|Any CPU
		{864EE515-9AD8-491A-A638-0A614A2518F3}.Release|Any CPU.Build.0 = Release|Any CPU
		{F1C653EE-354C-A881-20F1-29413D9DBF3D}.Debug|Any CPU.ActiveCfg = Debug|Any CPU
		{F1C653EE-354C-A881-20F1-29413D9DBF3D}.Debug|Any CPU.Build.0 = Debug|Any CPU
		{F1C653EE-354C-A881-20F1-29413D9DBF3D}.Release|Any CPU.ActiveCfg = Release|Any CPU
		{F1C653EE-354C-A881-20F1-29413D9DBF3D}.Release|Any CPU.Build.0 = Release|Any CPU
		{6D1D7023-CEB7-0A71-5D48-E79915BB571E}.Debug|Any CPU.ActiveCfg = Debug|Any CPU
		{6D1D7023-CEB7-0A71-5D48-E79915BB571E}.Debug|Any CPU.Build.0 = Debug|Any CPU
		{6D1D7023-CEB7-0A71-5D48-E79915BB571E}.Release|Any CPU.ActiveCfg = Release|Any CPU
		{6D1D7023-CEB7-0A71-5D48-E79915BB571E}.Release|Any CPU.Build.0 = Release|Any CPU
		{CF1B6E69-D05D-57B4-FDEE-B629AA22C7DA}.Debug|Any CPU.ActiveCfg = Debug|Any CPU
		{CF1B6E69-D05D-57B4-FDEE-B629AA22C7DA}.Debug|Any CPU.Build.0 = Debug|Any CPU
		{CF1B6E69-D05D-57B4-FDEE-B629AA22C7DA}.Release|Any CPU.ActiveCfg = Release|Any CPU
		{CF1B6E69-D05D-57B4-FDEE-B629AA22C7DA}.Release|Any CPU.Build.0 = Release|Any CPU
	EndGlobalSection
	GlobalSection(SolutionProperties) = preSolution
		HideSolutionNode = FALSE
	EndGlobalSection
EndGlobal
